// !$*UTF8*$!
{
	archiveVersion = 1;
	classes = {
	};
	objectVersion = 56;
	objects = {

/* Begin PBXBuildFile section */
		6501B7962A19A1E6005D5A3A /* HelmetApp.swift in Sources */ = {isa = PBXBuildFile; fileRef = 6501B7952A19A1E6005D5A3A /* HelmetApp.swift */; };
		6501B7982A19A1E6005D5A3A /* ContentView.swift in Sources */ = {isa = PBXBuildFile; fileRef = 6501B7972A19A1E6005D5A3A /* ContentView.swift */; };
		6501B79A2A19A1E9005D5A3A /* Assets.xcassets in Resources */ = {isa = PBXBuildFile; fileRef = 6501B7992A19A1E9005D5A3A /* Assets.xcassets */; };
		6501B79D2A19A1E9005D5A3A /* Preview Assets.xcassets in Resources */ = {isa = PBXBuildFile; fileRef = 6501B79C2A19A1E9005D5A3A /* Preview Assets.xcassets */; };
		6501B7A72A19A3A2005D5A3A /* category.json in Resources */ = {isa = PBXBuildFile; fileRef = 6501B7A32A19A3A2005D5A3A /* category.json */; };
		6501B7A82A19A3A2005D5A3A /* player.json in Resources */ = {isa = PBXBuildFile; fileRef = 6501B7A42A19A3A2005D5A3A /* player.json */; };
		6501B7A92A19A3A2005D5A3A /* brand.json in Resources */ = {isa = PBXBuildFile; fileRef = 6501B7A52A19A3A2005D5A3A /* brand.json */; };
		6501B7AA2A19A3A2005D5A3A /* product.json in Resources */ = {isa = PBXBuildFile; fileRef = 6501B7A62A19A3A2005D5A3A /* product.json */; };
		6501B7B62A1A8BE7005D5A3A /* Constant.swift in Sources */ = {isa = PBXBuildFile; fileRef = 6501B7B52A1A8BE7005D5A3A /* Constant.swift */; };
		6501B7BA2A1A8E23005D5A3A /* FooterView.swift in Sources */ = {isa = PBXBuildFile; fileRef = 6501B7B92A1A8E23005D5A3A /* FooterView.swift */; };
		65809DC72A1ABC0B0091C81E /* NavigationBarView.swift in Sources */ = {isa = PBXBuildFile; fileRef = 65809DC62A1ABC0B0091C81E /* NavigationBarView.swift */; };
		65809DC92A1ABE980091C81E /* LogoView.swift in Sources */ = {isa = PBXBuildFile; fileRef = 65809DC82A1ABE980091C81E /* LogoView.swift */; };
		65809DCB2A1AC3960091C81E /* PlayerModel.swift in Sources */ = {isa = PBXBuildFile; fileRef = 65809DCA2A1AC3960091C81E /* PlayerModel.swift */; };
/* End PBXBuildFile section */

/* Begin PBXFileReference section */
		6501B7922A19A1E6005D5A3A /* Helmet.app */ = {isa = PBXFileReference; explicitFileType = wrapper.application; includeInIndex = 0; path = Helmet.app; sourceTree = BUILT_PRODUCTS_DIR; };
		6501B7952A19A1E6005D5A3A /* HelmetApp.swift */ = {isa = PBXFileReference; lastKnownFileType = sourcecode.swift; path = HelmetApp.swift; sourceTree = "<group>"; };
		6501B7972A19A1E6005D5A3A /* ContentView.swift */ = {isa = PBXFileReference; lastKnownFileType = sourcecode.swift; path = ContentView.swift; sourceTree = "<group>"; };
		6501B7992A19A1E9005D5A3A /* Assets.xcassets */ = {isa = PBXFileReference; lastKnownFileType = folder.assetcatalog; path = Assets.xcassets; sourceTree = "<group>"; };
		6501B79C2A19A1E9005D5A3A /* Preview Assets.xcassets */ = {isa = PBXFileReference; lastKnownFileType = folder.assetcatalog; path = "Preview Assets.xcassets"; sourceTree = "<group>"; };
		6501B7A32A19A3A2005D5A3A /* category.json */ = {isa = PBXFileReference; fileEncoding = 4; lastKnownFileType = text.json; path = category.json; sourceTree = "<group>"; };
		6501B7A42A19A3A2005D5A3A /* player.json */ = {isa = PBXFileReference; fileEncoding = 4; lastKnownFileType = text.json; path = player.json; sourceTree = "<group>"; };
		6501B7A52A19A3A2005D5A3A /* brand.json */ = {isa = PBXFileReference; fileEncoding = 4; lastKnownFileType = text.json; path = brand.json; sourceTree = "<group>"; };
		6501B7A62A19A3A2005D5A3A /* product.json */ = {isa = PBXFileReference; fileEncoding = 4; lastKnownFileType = text.json; path = product.json; sourceTree = "<group>"; };
		6501B7AB2A19A48E005D5A3A /* Info.plist */ = {isa = PBXFileReference; lastKnownFileType = text.plist; path = Info.plist; sourceTree = "<group>"; };
		6501B7B52A1A8BE7005D5A3A /* Constant.swift */ = {isa = PBXFileReference; lastKnownFileType = sourcecode.swift; path = Constant.swift; sourceTree = "<group>"; };
		6501B7B92A1A8E23005D5A3A /* FooterView.swift */ = {isa = PBXFileReference; lastKnownFileType = sourcecode.swift; path = FooterView.swift; sourceTree = "<group>"; };
		65809DC62A1ABC0B0091C81E /* NavigationBarView.swift */ = {isa = PBXFileReference; lastKnownFileType = sourcecode.swift; path = NavigationBarView.swift; sourceTree = "<group>"; };
		65809DC82A1ABE980091C81E /* LogoView.swift */ = {isa = PBXFileReference; lastKnownFileType = sourcecode.swift; path = LogoView.swift; sourceTree = "<group>"; };
		65809DCA2A1AC3960091C81E /* PlayerModel.swift */ = {isa = PBXFileReference; lastKnownFileType = sourcecode.swift; path = PlayerModel.swift; sourceTree = "<group>"; };
/* End PBXFileReference section */

/* Begin PBXFrameworksBuildPhase section */
		6501B78F2A19A1E6005D5A3A /* Frameworks */ = {
			isa = PBXFrameworksBuildPhase;
			buildActionMask = 2147483647;
			files = (
			);
			runOnlyForDeploymentPostprocessing = 0;
		};
/* End PBXFrameworksBuildPhase section */

/* Begin PBXGroup section */
		6501B7892A19A1E6005D5A3A = {
			isa = PBXGroup;
			children = (
				6501B7942A19A1E6005D5A3A /* Helmet */,
				6501B7932A19A1E6005D5A3A /* Products */,
			);
			sourceTree = "<group>";
		};
		6501B7932A19A1E6005D5A3A /* Products */ = {
			isa = PBXGroup;
			children = (
				6501B7922A19A1E6005D5A3A /* Helmet.app */,
			);
			name = Products;
			sourceTree = "<group>";
		};
		6501B7942A19A1E6005D5A3A /* Helmet */ = {
			isa = PBXGroup;
			children = (
				6501B7B32A19A5FE005D5A3A /* Products */,
				6501B7B22A19A5E5005D5A3A /* Extension */,
				6501B7B12A19A5DC005D5A3A /* Utility */,
				6501B7B02A19A5CA005D5A3A /* Model */,
				6501B7AD2A19A59C005D5A3A /* View */,
				6501B7AC2A19A55B005D5A3A /* Data */,
				6501B7AB2A19A48E005D5A3A /* Info.plist */,
				6501B7952A19A1E6005D5A3A /* HelmetApp.swift */,
				6501B7972A19A1E6005D5A3A /* ContentView.swift */,
				6501B7992A19A1E9005D5A3A /* Assets.xcassets */,
				6501B79B2A19A1E9005D5A3A /* Preview Content */,
			);
			path = Helmet;
			sourceTree = "<group>";
		};
		6501B79B2A19A1E9005D5A3A /* Preview Content */ = {
			isa = PBXGroup;
			children = (
				6501B79C2A19A1E9005D5A3A /* Preview Assets.xcassets */,
			);
			path = "Preview Content";
			sourceTree = "<group>";
		};
		6501B7AC2A19A55B005D5A3A /* Data */ = {
			isa = PBXGroup;
			children = (
				6501B7A52A19A3A2005D5A3A /* brand.json */,
				6501B7A32A19A3A2005D5A3A /* category.json */,
				6501B7A42A19A3A2005D5A3A /* player.json */,
				6501B7A62A19A3A2005D5A3A /* product.json */,
			);
			path = Data;
			sourceTree = "<group>";
		};
		6501B7AD2A19A59C005D5A3A /* View */ = {
			isa = PBXGroup;
			children = (
				6501B7AF2A19A5B7005D5A3A /* Home */,
				6501B7AE2A19A5AC005D5A3A /* Detail */,
			);
			path = View;
			sourceTree = "<group>";
		};
		6501B7AE2A19A5AC005D5A3A /* Detail */ = {
			isa = PBXGroup;
			children = (
			);
			path = Detail;
			sourceTree = "<group>";
		};
		6501B7AF2A19A5B7005D5A3A /* Home */ = {
			isa = PBXGroup;
			children = (
				6501B7B92A1A8E23005D5A3A /* FooterView.swift */,
				65809DC62A1ABC0B0091C81E /* NavigationBarView.swift */,
				65809DC82A1ABE980091C81E /* LogoView.swift */,
			);
			path = Home;
			sourceTree = "<group>";
		};
		6501B7B02A19A5CA005D5A3A /* Model */ = {
			isa = PBXGroup;
			children = (
				65809DCA2A1AC3960091C81E /* PlayerModel.swift */,
			);
			path = Model;
			sourceTree = "<group>";
		};
		6501B7B12A19A5DC005D5A3A /* Utility */ = {
			isa = PBXGroup;
			children = (
				6501B7B52A1A8BE7005D5A3A /* Constant.swift */,
			);
			path = Utility;
			sourceTree = "<group>";
		};
		6501B7B22A19A5E5005D5A3A /* Extension */ = {
			isa = PBXGroup;
			children = (
			);
			path = Extension;
			sourceTree = "<group>";
		};
		6501B7B32A19A5FE005D5A3A /* Products */ = {
			isa = PBXGroup;
			children = (
			);
			path = Products;
			sourceTree = "<group>";
		};
/* End PBXGroup section */

/* Begin PBXNativeTarget section */
		6501B7912A19A1E6005D5A3A /* Helmet */ = {
			isa = PBXNativeTarget;
			buildConfigurationList = 6501B7A02A19A1E9005D5A3A /* Build configuration list for PBXNativeTarget "Helmet" */;
			buildPhases = (
				6501B78E2A19A1E6005D5A3A /* Sources */,
				6501B78F2A19A1E6005D5A3A /* Frameworks */,
				6501B7902A19A1E6005D5A3A /* Resources */,
			);
			buildRules = (
			);
			dependencies = (
			);
			name = Helmet;
			productName = Helmet;
			productReference = 6501B7922A19A1E6005D5A3A /* Helmet.app */;
			productType = "com.apple.product-type.application";
		};
/* End PBXNativeTarget section */

/* Begin PBXProject section */
		6501B78A2A19A1E6005D5A3A /* Project object */ = {
			isa = PBXProject;
			attributes = {
				BuildIndependentTargetsInParallel = 1;
				LastSwiftUpdateCheck = 1400;
				LastUpgradeCheck = 1400;
				TargetAttributes = {
					6501B7912A19A1E6005D5A3A = {
						CreatedOnToolsVersion = 14.0.1;
					};
				};
			};
			buildConfigurationList = 6501B78D2A19A1E6005D5A3A /* Build configuration list for PBXProject "Helmet" */;
			compatibilityVersion = "Xcode 14.0";
			developmentRegion = en;
			hasScannedForEncodings = 0;
			knownRegions = (
				en,
				Base,
			);
			mainGroup = 6501B7892A19A1E6005D5A3A;
			productRefGroup = 6501B7932A19A1E6005D5A3A /* Products */;
			projectDirPath = "";
			projectRoot = "";
			targets = (
				6501B7912A19A1E6005D5A3A /* Helmet */,
			);
		};
/* End PBXProject section */

/* Begin PBXResourcesBuildPhase section */
		6501B7902A19A1E6005D5A3A /* Resources */ = {
			isa = PBXResourcesBuildPhase;
			buildActionMask = 2147483647;
			files = (
				6501B7A82A19A3A2005D5A3A /* player.json in Resources */,
				6501B7A92A19A3A2005D5A3A /* brand.json in Resources */,
				6501B7A72A19A3A2005D5A3A /* category.json in Resources */,
				6501B79D2A19A1E9005D5A3A /* Preview Assets.xcassets in Resources */,
				6501B79A2A19A1E9005D5A3A /* Assets.xcassets in Resources */,
				6501B7AA2A19A3A2005D5A3A /* product.json in Resources */,
			);
			runOnlyForDeploymentPostprocessing = 0;
		};
/* End PBXResourcesBuildPhase section */

/* Begin PBXSourcesBuildPhase section */
		6501B78E2A19A1E6005D5A3A /* Sources */ = {
			isa = PBXSourcesBuildPhase;
			buildActionMask = 2147483647;
			files = (
				6501B7982A19A1E6005D5A3A /* ContentView.swift in Sources */,
				65809DC92A1ABE980091C81E /* LogoView.swift in Sources */,
				6501B7BA2A1A8E23005D5A3A /* FooterView.swift in Sources */,
				6501B7962A19A1E6005D5A3A /* HelmetApp.swift in Sources */,
				6501B7B62A1A8BE7005D5A3A /* Constant.swift in Sources */,
				65809DC72A1ABC0B0091C81E /* NavigationBarView.swift in Sources */,
				65809DCB2A1AC3960091C81E /* PlayerModel.swift in Sources */,
			);
			runOnlyForDeploymentPostprocessing = 0;
		};
/* End PBXSourcesBuildPhase section */

/* Begin XCBuildConfiguration section */
		6501B79E2A19A1E9005D5A3A /* Debug */ = {
			isa = XCBuildConfiguration;
			buildSettings = {
				ALWAYS_SEARCH_USER_PATHS = NO;
				CLANG_ANALYZER_NONNULL = YES;
				CLANG_ANALYZER_NUMBER_OBJECT_CONVERSION = YES_AGGRESSIVE;
				CLANG_CXX_LANGUAGE_STANDARD = "gnu++20";
				CLANG_ENABLE_MODULES = YES;
				CLANG_ENABLE_OBJC_ARC = YES;
				CLANG_ENABLE_OBJC_WEAK = YES;
				CLANG_WARN_BLOCK_CAPTURE_AUTORELEASING = YES;
				CLANG_WARN_BOOL_CONVERSION = YES;
				CLANG_WARN_COMMA = YES;
				CLANG_WARN_CONSTANT_CONVERSION = YES;
				CLANG_WARN_DEPRECATED_OBJC_IMPLEMENTATIONS = YES;
				CLANG_WARN_DIRECT_OBJC_ISA_USAGE = YES_ERROR;
				CLANG_WARN_DOCUMENTATION_COMMENTS = YES;
				CLANG_WARN_EMPTY_BODY = YES;
				CLANG_WARN_ENUM_CONVERSION = YES;
				CLANG_WARN_INFINITE_RECURSION = YES;
				CLANG_WARN_INT_CONVERSION = YES;
				CLANG_WARN_NON_LITERAL_NULL_CONVERSION = YES;
				CLANG_WARN_OBJC_IMPLICIT_RETAIN_SELF = YES;
				CLANG_WARN_OBJC_LITERAL_CONVERSION = YES;
				CLANG_WARN_OBJC_ROOT_CLASS = YES_ERROR;
				CLANG_WARN_QUOTED_INCLUDE_IN_FRAMEWORK_HEADER = YES;
				CLANG_WARN_RANGE_LOOP_ANALYSIS = YES;
				CLANG_WARN_STRICT_PROTOTYPES = YES;
				CLANG_WARN_SUSPICIOUS_MOVE = YES;
				CLANG_WARN_UNGUARDED_AVAILABILITY = YES_AGGRESSIVE;
				CLANG_WARN_UNREACHABLE_CODE = YES;
				CLANG_WARN__DUPLICATE_METHOD_MATCH = YES;
				COPY_PHASE_STRIP = NO;
				DEBUG_INFORMATION_FORMAT = dwarf;
				ENABLE_STRICT_OBJC_MSGSEND = YES;
				ENABLE_TESTABILITY = YES;
				GCC_C_LANGUAGE_STANDARD = gnu11;
				GCC_DYNAMIC_NO_PIC = NO;
				GCC_NO_COMMON_BLOCKS = YES;
				GCC_OPTIMIZATION_LEVEL = 0;
				GCC_PREPROCESSOR_DEFINITIONS = (
					"DEBUG=1",
					"$(inherited)",
				);
				GCC_WARN_64_TO_32_BIT_CONVERSION = YES;
				GCC_WARN_ABOUT_RETURN_TYPE = YES_ERROR;
				GCC_WARN_UNDECLARED_SELECTOR = YES;
				GCC_WARN_UNINITIALIZED_AUTOS = YES_AGGRESSIVE;
				GCC_WARN_UNUSED_FUNCTION = YES;
				GCC_WARN_UNUSED_VARIABLE = YES;
				IPHONEOS_DEPLOYMENT_TARGET = 16.0;
				MTL_ENABLE_DEBUG_INFO = INCLUDE_SOURCE;
				MTL_FAST_MATH = YES;
				ONLY_ACTIVE_ARCH = YES;
				SDKROOT = iphoneos;
				SWIFT_ACTIVE_COMPILATION_CONDITIONS = DEBUG;
				SWIFT_OPTIMIZATION_LEVEL = "-Onone";
			};
			name = Debug;
		};
		6501B79F2A19A1E9005D5A3A /* Release */ = {
			isa = XCBuildConfiguration;
			buildSettings = {
				ALWAYS_SEARCH_USER_PATHS = NO;
				CLANG_ANALYZER_NONNULL = YES;
				CLANG_ANALYZER_NUMBER_OBJECT_CONVERSION = YES_AGGRESSIVE;
				CLANG_CXX_LANGUAGE_STANDARD = "gnu++20";
				CLANG_ENABLE_MODULES = YES;
				CLANG_ENABLE_OBJC_ARC = YES;
				CLANG_ENABLE_OBJC_WEAK = YES;
				CLANG_WARN_BLOCK_CAPTURE_AUTORELEASING = YES;
				CLANG_WARN_BOOL_CONVERSION = YES;
				CLANG_WARN_COMMA = YES;
				CLANG_WARN_CONSTANT_CONVERSION = YES;
				CLANG_WARN_DEPRECATED_OBJC_IMPLEMENTATIONS = YES;
				CLANG_WARN_DIRECT_OBJC_ISA_USAGE = YES_ERROR;
				CLANG_WARN_DOCUMENTATION_COMMENTS = YES;
				CLANG_WARN_EMPTY_BODY = YES;
				CLANG_WARN_ENUM_CONVERSION = YES;
				CLANG_WARN_INFINITE_RECURSION = YES;
				CLANG_WARN_INT_CONVERSION = YES;
				CLANG_WARN_NON_LITERAL_NULL_CONVERSION = YES;
				CLANG_WARN_OBJC_IMPLICIT_RETAIN_SELF = YES;
				CLANG_WARN_OBJC_LITERAL_CONVERSION = YES;
				CLANG_WARN_OBJC_ROOT_CLASS = YES_ERROR;
				CLANG_WARN_QUOTED_INCLUDE_IN_FRAMEWORK_HEADER = YES;
				CLANG_WARN_RANGE_LOOP_ANALYSIS = YES;
				CLANG_WARN_STRICT_PROTOTYPES = YES;
				CLANG_WARN_SUSPICIOUS_MOVE = YES;
				CLANG_WARN_UNGUARDED_AVAILABILITY = YES_AGGRESSIVE;
				CLANG_WARN_UNREACHABLE_CODE = YES;
				CLANG_WARN__DUPLICATE_METHOD_MATCH = YES;
				COPY_PHASE_STRIP = NO;
				DEBUG_INFORMATION_FORMAT = "dwarf-with-dsym";
				ENABLE_NS_ASSERTIONS = NO;
				ENABLE_STRICT_OBJC_MSGSEND = YES;
				GCC_C_LANGUAGE_STANDARD = gnu11;
				GCC_NO_COMMON_BLOCKS = YES;
				GCC_WARN_64_TO_32_BIT_CONVERSION = YES;
				GCC_WARN_ABOUT_RETURN_TYPE = YES_ERROR;
				GCC_WARN_UNDECLARED_SELECTOR = YES;
				GCC_WARN_UNINITIALIZED_AUTOS = YES_AGGRESSIVE;
				GCC_WARN_UNUSED_FUNCTION = YES;
				GCC_WARN_UNUSED_VARIABLE = YES;
				IPHONEOS_DEPLOYMENT_TARGET = 16.0;
				MTL_ENABLE_DEBUG_INFO = NO;
				MTL_FAST_MATH = YES;
				SDKROOT = iphoneos;
				SWIFT_COMPILATION_MODE = wholemodule;
				SWIFT_OPTIMIZATION_LEVEL = "-O";
				VALIDATE_PRODUCT = YES;
			};
			name = Release;
		};
		6501B7A12A19A1E9005D5A3A /* Debug */ = {
			isa = XCBuildConfiguration;
			buildSettings = {
				ASSETCATALOG_COMPILER_APPICON_NAME = AppIcon;
				ASSETCATALOG_COMPILER_GLOBAL_ACCENT_COLOR_NAME = AccentColor;
				CODE_SIGN_STYLE = Automatic;
				CURRENT_PROJECT_VERSION = 1;
				DEVELOPMENT_ASSET_PATHS = "\"Helmet/Preview Content\"";
				DEVELOPMENT_TEAM = TNDSG59C74;
				ENABLE_PREVIEWS = YES;
				GENERATE_INFOPLIST_FILE = YES;
				INFOPLIST_FILE = Helmet/Info.plist;
				INFOPLIST_KEY_UIApplicationSceneManifest_Generation = YES;
				INFOPLIST_KEY_UIApplicationSupportsIndirectInputEvents = YES;
				INFOPLIST_KEY_UISupportedInterfaceOrientations = UIInterfaceOrientationPortrait;
				INFOPLIST_KEY_UISupportedInterfaceOrientations_iPad = "UIInterfaceOrientationLandscapeLeft UIInterfaceOrientationLandscapeRight UIInterfaceOrientationPortrait UIInterfaceOrientationPortraitUpsideDown";
				LD_RUNPATH_SEARCH_PATHS = (
					"$(inherited)",
					"@executable_path/Frameworks",
				);
				MARKETING_VERSION = 1.0;
				PRODUCT_BUNDLE_IDENTIFIER = domain.Helmet;
				PRODUCT_NAME = "$(TARGET_NAME)";
				SWIFT_EMIT_LOC_STRINGS = YES;
				SWIFT_VERSION = 5.0;
				TARGETED_DEVICE_FAMILY = "1,2";
			};
			name = Debug;
		};
		6501B7A22A19A1E9005D5A3A /* Release */ = {
			isa = XCBuildConfiguration;
			buildSettings = {
				ASSETCATALOG_COMPILER_APPICON_NAME = AppIcon;
				ASSETCATALOG_COMPILER_GLOBAL_ACCENT_COLOR_NAME = AccentColor;
				CODE_SIGN_STYLE = Automatic;
				CURRENT_PROJECT_VERSION = 1;
				DEVELOPMENT_ASSET_PATHS = "\"Helmet/Preview Content\"";
				DEVELOPMENT_TEAM = TNDSG59C74;
				ENABLE_PREVIEWS = YES;
				GENERATE_INFOPLIST_FILE = YES;
				INFOPLIST_FILE = Helmet/Info.plist;
				INFOPLIST_KEY_UIApplicationSceneManifest_Generation = YES;
				INFOPLIST_KEY_UIApplicationSupportsIndirectInputEvents = YES;
				INFOPLIST_KEY_UISupportedInterfaceOrientations = UIInterfaceOrientationPortrait;
				INFOPLIST_KEY_UISupportedInterfaceOrientations_iPad = "UIInterfaceOrientationLandscapeLeft UIInterfaceOrientationLandscapeRight UIInterfaceOrientationPortrait UIInterfaceOrientationPortraitUpsideDown";
				LD_RUNPATH_SEARCH_PATHS = (
					"$(inherited)",
					"@executable_path/Frameworks",
				);
				MARKETING_VERSION = 1.0;
				PRODUCT_BUNDLE_IDENTIFIER = domain.Helmet;
				PRODUCT_NAME = "$(TARGET_NAME)";
				SWIFT_EMIT_LOC_STRINGS = YES;
				SWIFT_VERSION = 5.0;
				TARGETED_DEVICE_FAMILY = "1,2";
			};
			name = Release;
		};
/* End XCBuildConfiguration section */

/* Begin XCConfigurationList section */
		6501B78D2A19A1E6005D5A3A /* Build configuration list for PBXProject "Helmet" */ = {
			isa = XCConfigurationList;
			buildConfigurations = (
				6501B79E2A19A1E9005D5A3A /* Debug */,
				6501B79F2A19A1E9005D5A3A /* Release */,
			);
			defaultConfigurationIsVisible = 0;
			defaultConfigurationName = Release;
		};
		6501B7A02A19A1E9005D5A3A /* Build configuration list for PBXNativeTarget "Helmet" */ = {
			isa = XCConfigurationList;
			buildConfigurations = (
				6501B7A12A19A1E9005D5A3A /* Debug */,
				6501B7A22A19A1E9005D5A3A /* Release */,
			);
			defaultConfigurationIsVisible = 0;
			defaultConfigurationName = Release;
		};
/* End XCConfigurationList section */
	};
	rootObject = 6501B78A2A19A1E6005D5A3A /* Project object */;
}
